
Microsoft Visual Studio Solution File, Format Version 12.00
# Visual Studio Version 16
VisualStudioVersion = 16.0.31515.178
MinimumVisualStudioVersion = 10.0.40219.1
Project("{FAE04EC0-301F-11D3-BF4B-00C04F79EFBC}") = "Prova2", "Prova2\Prova2.csproj", "{C05DD92A-121F-496E-B737-2EC204E662C1}"
EndProject
Global
	GlobalSection(SolutionConfigurationPlatforms) = preSolution
		Debug|Any CPU = Debug|Any CPU
		Release|Any CPU = Release|Any CPU
	EndGlobalSection
	GlobalSection(ProjectConfigurationPlatforms) = postSolution
		{C05DD92A-121F-496E-B737-2EC204E662C1}.Debug|Any CPU.ActiveCfg = Debug|Any CPU
		{C05DD92A-121F-496E-B737-2EC204E662C1}.Debug|Any CPU.Build.0 = Debug|Any CPU
		{C05DD92A-121F-496E-B737-2EC204E662C1}.Release|Any CPU.ActiveCfg = Release|Any CPU
		{C05DD92A-121F-496E-B737-2EC204E662C1}.Release|Any CPU.Build.0 = Release|Any CPU
	EndGlobalSection
	GlobalSection(SolutionProperties) = preSolution
		HideSolutionNode = FALSE
	EndGlobalSection
	GlobalSection(ExtensibilityGlobals) = postSolution
		SolutionGuid = {49AED192-FA81-4067-B1F7-6492951DD6EC}
	EndGlobalSection
EndGlobal
